
Microsoft Visual Studio Solution File, Format Version 12.00
# Visual Studio Version 16
VisualStudioVersion = 16.0.30330.147
MinimumVisualStudioVersion = 10.0.40219.1
Project("{FAE04EC0-301F-11D3-BF4B-00C04F79EFBC}") = "NameMC_Sniper", "NameMC_Sniper.csproj", "{BD474B8B-98BD-4356-A167-E9CC3C14A1B5}"
EndProject
Global
	GlobalSection(SolutionConfigurationPlatforms) = preSolution
		Debug|Any CPU = Debug|Any CPU
		Release|Any CPU = Release|Any CPU
	EndGlobalSection
	GlobalSection(ProjectConfigurationPlatforms) = postSolution
		{BD474B8B-98BD-4356-A167-E9CC3C14A1B5}.Debug|Any CPU.ActiveCfg = Debug|Any CPU
		{BD474B8B-98BD-4356-A167-E9CC3C14A1B5}.Debug|Any CPU.Build.0 = Debug|Any CPU
		{BD474B8B-98BD-4356-A167-E9CC3C14A1B5}.Release|Any CPU.ActiveCfg = Release|Any CPU
		{BD474B8B-98BD-4356-A167-E9CC3C14A1B5}.Release|Any CPU.Build.0 = Release|Any CPU
	EndGlobalSection
	GlobalSection(SolutionProperties) = preSolution
		HideSolutionNode = FALSE
	EndGlobalSection
	GlobalSection(ExtensibilityGlobals) = postSolution
		SolutionGuid = {5E3BA1E5-6335-4B5A-B048-1F58E0F3D565}
	EndGlobalSection
EndGlobal
